
Microsoft Visual Studio Solution File, Format Version 12.00
# Visual Studio 15
VisualStudioVersion = 15.0.27703.2000
MinimumVisualStudioVersion = 10.0.40219.1
Project("{FAE04EC0-301F-11D3-BF4B-00C04F79EFBC}") = "CSharpLatest", "CSharpLatest.csproj", "{B815B096-129E-42CE-A0A1-FD1EF1617662}"
EndProject
Global
	GlobalSection(SolutionConfigurationPlatforms) = preSolution
		Debug|Any CPU = Debug|Any CPU
		Release|Any CPU = Release|Any CPU
	EndGlobalSection
	GlobalSection(ProjectConfigurationPlatforms) = postSolution
		{B815B096-129E-42CE-A0A1-FD1EF1617662}.Debug|Any CPU.ActiveCfg = Debug|Any CPU
		{B815B096-129E-42CE-A0A1-FD1EF1617662}.Debug|Any CPU.Build.0 = Debug|Any CPU
		{B815B096-129E-42CE-A0A1-FD1EF1617662}.Release|Any CPU.ActiveCfg = Release|Any CPU
		{B815B096-129E-42CE-A0A1-FD1EF1617662}.Release|Any CPU.Build.0 = Release|Any CPU
	EndGlobalSection
	GlobalSection(SolutionProperties) = preSolution
		HideSolutionNode = FALSE
	EndGlobalSection
	GlobalSection(ExtensibilityGlobals) = postSolution
		SolutionGuid = {1A3CBE1F-A3CC-4B8C-BCE9-B3C8CD7110A6}
	EndGlobalSection
EndGlobal
